schema: '2.0'
stages:
  clean:
    cmd: python3 src/prepare/clean.py data/raw
    deps:
    - path: data/raw
      hash: md5
      md5: a774a4f2c3504df69ac93e6f82b1dcdc.dir
      size: 232745632
      nfiles: 4
    - path: src/prepare/clean.py
      hash: md5
      md5: b7f90a3a5194b144aa0158337e31b92e
      size: 3803
    outs:
    - path: data/cleaned
      hash: md5
      md5: fda64548337956f9b4c2fc79ee0c2136.dir
      size: 99821112
      nfiles: 2
  collate:
    cmd: python3 src/prepare/collate.py data/redacted
    deps:
    - path: data/redacted
      hash: md5
      md5: 05d1c0ec941174bd88e46bf7b38443c9.dir
      size: 96649973
      nfiles: 2
    - path: src/prepare/collate.py
      hash: md5
      md5: e9f367d810c88a291642402925e31cf6
      size: 1324
    params:
      params.yaml:
        prepare.seed: 42
    outs:
    - path: data/collated/data.csv
      hash: md5
      md5: a8ee15642e77d9eb17c55b58cf0d9dbc
      size: 92520291
  split:
    cmd: python3 src/prepare/split.py data/collated/data.csv
    deps:
    - path: data/collated/data.csv
      hash: md5
      md5: a8ee15642e77d9eb17c55b58cf0d9dbc
      size: 92520291
    - path: src/prepare/split.py
      hash: md5
      md5: a543b0bfb12d98b8b92faf6c01b3102f
      size: 1607
    params:
      params.yaml:
        prepare.seed: 42
        prepare.split: 0.7
    outs:
    - path: data/prepared
      hash: md5
      md5: 26bc5709043f9a7cae30d0705c47b813.dir
      size: 92520305
      nfiles: 2
  featurize:
    cmd: python3 src/featurize.py data/prepared data/features
    deps:
    - path: data/prepared
      hash: md5
      md5: 26bc5709043f9a7cae30d0705c47b813.dir
      size: 92520305
      nfiles: 2
    - path: src/featurize.py
      hash: md5
      md5: 7bc2e34e39900fd329a7e59a8a9d5ea3
      size: 4416
    params:
      params.yaml:
        featurize.max_features: 4
        featurize.ngrams: 1
    outs:
    - path: data/features
      hash: md5
      md5: d1cce0f7c31e004903486caac776d2b2.dir
      size: 1906870
      nfiles: 4
  train:
    cmd: python3 src/train.py data/features models/random_forest
    deps:
    - path: data/features
      hash: md5
      md5: d1cce0f7c31e004903486caac776d2b2.dir
      size: 1906870
      nfiles: 4
    - path: src/train.py
      hash: md5
      md5: 807f41feb65e231c05e94521282c12c3
      size: 2935
    params:
      params.yaml:
        train.min_split: 0.01
        train.n_est: 7
        train.seed: 42
    outs:
    - path: models/random_forest
      hash: md5
      md5: 8bf2d04ba1810f84eca804b24e4317cc.dir
      size: 153384
      nfiles: 2
  evaluate:
    cmd: python3 src/evaluate.py models/random_forest/model data/features
    deps:
    - path: data/features
      hash: md5
      md5: d1cce0f7c31e004903486caac776d2b2.dir
      size: 1906870
      nfiles: 4
    - path: models/random_forest
      hash: md5
      md5: 8bf2d04ba1810f84eca804b24e4317cc.dir
      size: 153384
      nfiles: 2
    - path: src/evaluate.py
      hash: md5
      md5: a4d5f4137ae9b3b0bdd9f7ea5884e18e
      size: 3506
    outs:
    - path: eval
      hash: md5
      md5: 686f93172d0bb5afc4d18409d2cac8cd.dir
      size: 3465762
      nfiles: 8
  redact:
    cmd: python3 src/prepare/redact.py data/cleaned
    deps:
    - path: data/cleaned
      hash: md5
      md5: fda64548337956f9b4c2fc79ee0c2136.dir
      size: 99821112
      nfiles: 2
    - path: src/prepare/redact.py
      hash: md5
      md5: decafee7d77fbbe6461b58c4ff31b3a9
      size: 1923
    outs:
    - path: data/redacted
      hash: md5
      md5: 05d1c0ec941174bd88e46bf7b38443c9.dir
      size: 96649973
      nfiles: 2
